// !$*UTF8*$!
{
	archiveVersion = 1;
	classes = {
	};
	objectVersion = 46;
	objects = {

/* Begin PBXBuildFile section */
		97FB75161B842C46004DCEB4 /* main.m in Sources */ = {isa = PBXBuildFile; fileRef = 97FB75151B842C46004DCEB4 /* main.m */; };
		97FB75191B842C46004DCEB4 /* AppDelegate.m in Sources */ = {isa = PBXBuildFile; fileRef = 97FB75181B842C46004DCEB4 /* AppDelegate.m */; };
		97FB75211B842C46004DCEB4 /* Images.xcassets in Resources */ = {isa = PBXBuildFile; fileRef = 97FB75201B842C46004DCEB4 /* Images.xcassets */; };
		97FB75241B842C46004DCEB4 /* LaunchScreen.xib in Resources */ = {isa = PBXBuildFile; fileRef = 97FB75221B842C46004DCEB4 /* LaunchScreen.xib */; };
		97FB75301B842C46004DCEB4 /* CustomTabBarControllerTests.m in Sources */ = {isa = PBXBuildFile; fileRef = 97FB752F1B842C46004DCEB4 /* CustomTabBarControllerTests.m */; };
		97FB75411B842CB3004DCEB4 /* FirstViewController.m in Sources */ = {isa = PBXBuildFile; fileRef = 97FB753A1B842CB3004DCEB4 /* FirstViewController.m */; };
		97FB75421B842CB3004DCEB4 /* FourViewController.m in Sources */ = {isa = PBXBuildFile; fileRef = 97FB753C1B842CB3004DCEB4 /* FourViewController.m */; };
		97FB75431B842CB3004DCEB4 /* SecondViewController.m in Sources */ = {isa = PBXBuildFile; fileRef = 97FB753E1B842CB3004DCEB4 /* SecondViewController.m */; };
		97FB75441B842CB3004DCEB4 /* ThirdViewController.m in Sources */ = {isa = PBXBuildFile; fileRef = 97FB75401B842CB3004DCEB4 /* ThirdViewController.m */; };
		97FB75471B842D47004DCEB4 /* UIViewController+TabBarItem.m in Sources */ = {isa = PBXBuildFile; fileRef = 97FB75461B842D47004DCEB4 /* UIViewController+TabBarItem.m */; };
		97FB754D1B8430FB004DCEB4 /* CustomTabBarViewController.m in Sources */ = {isa = PBXBuildFile; fileRef = 97FB754C1B8430FB004DCEB4 /* CustomTabBarViewController.m */; };
		97FB75611B84325E004DCEB4 /* tab_0.png in Resources */ = {isa = PBXBuildFile; fileRef = 97FB754F1B84325E004DCEB4 /* tab_0.png */; };
		97FB75621B84325E004DCEB4 /* tab_0@2x.png in Resources */ = {isa = PBXBuildFile; fileRef = 97FB75501B84325E004DCEB4 /* tab_0@2x.png */; };
		97FB75631B84325E004DCEB4 /* tab_1.png in Resources */ = {isa = PBXBuildFile; fileRef = 97FB75511B84325E004DCEB4 /* tab_1.png */; };
		97FB75641B84325E004DCEB4 /* tab_1@2x.png in Resources */ = {isa = PBXBuildFile; fileRef = 97FB75521B84325E004DCEB4 /* tab_1@2x.png */; };
		97FB75651B84325E004DCEB4 /* tab_2.png in Resources */ = {isa = PBXBuildFile; fileRef = 97FB75531B84325E004DCEB4 /* tab_2.png */; };
		97FB75661B84325E004DCEB4 /* tab_2@2x.png in Resources */ = {isa = PBXBuildFile; fileRef = 97FB75541B84325E004DCEB4 /* tab_2@2x.png */; };
		97FB75671B84325E004DCEB4 /* tab_3.png in Resources */ = {isa = PBXBuildFile; fileRef = 97FB75551B84325E004DCEB4 /* tab_3.png */; };
		97FB75681B84325E004DCEB4 /* tab_3@2x.png in Resources */ = {isa = PBXBuildFile; fileRef = 97FB75561B84325E004DCEB4 /* tab_3@2x.png */; };
		97FB75691B84325E004DCEB4 /* tab_bg.png in Resources */ = {isa = PBXBuildFile; fileRef = 97FB75571B84325E004DCEB4 /* tab_bg.png */; };
		97FB756A1B84325E004DCEB4 /* tab_black_bg@2x.png in Resources */ = {isa = PBXBuildFile; fileRef = 97FB75581B84325E004DCEB4 /* tab_black_bg@2x.png */; };
		97FB756B1B84325E004DCEB4 /* tab_c0.png in Resources */ = {isa = PBXBuildFile; fileRef = 97FB75591B84325E004DCEB4 /* tab_c0.png */; };
		97FB756C1B84325E004DCEB4 /* tab_c0@2x.png in Resources */ = {isa = PBXBuildFile; fileRef = 97FB755A1B84325E004DCEB4 /* tab_c0@2x.png */; };
		97FB756D1B84325E004DCEB4 /* tab_c1.png in Resources */ = {isa = PBXBuildFile; fileRef = 97FB755B1B84325E004DCEB4 /* tab_c1.png */; };
		97FB756E1B84325E004DCEB4 /* tab_c1@2x.png in Resources */ = {isa = PBXBuildFile; fileRef = 97FB755C1B84325E004DCEB4 /* tab_c1@2x.png */; };
		97FB756F1B84325E004DCEB4 /* tab_c2.png in Resources */ = {isa = PBXBuildFile; fileRef = 97FB755D1B84325E004DCEB4 /* tab_c2.png */; };
		97FB75701B84325E004DCEB4 /* tab_c2@2x.png in Resources */ = {isa = PBXBuildFile; fileRef = 97FB755E1B84325E004DCEB4 /* tab_c2@2x.png */; };
		97FB75711B84325E004DCEB4 /* tab_c3.png in Resources */ = {isa = PBXBuildFile; fileRef = 97FB755F1B84325E004DCEB4 /* tab_c3.png */; };
		97FB75721B84325E004DCEB4 /* tab_c3@2x.png in Resources */ = {isa = PBXBuildFile; fileRef = 97FB75601B84325E004DCEB4 /* tab_c3@2x.png */; };
		97FB75751B84581B004DCEB4 /* ClassModel.m in Sources */ = {isa = PBXBuildFile; fileRef = 97FB75741B84581B004DCEB4 /* ClassModel.m */; };
/* End PBXBuildFile section */

/* Begin PBXContainerItemProxy section */
		97FB752A1B842C46004DCEB4 /* PBXContainerItemProxy */ = {
			isa = PBXContainerItemProxy;
			containerPortal = 97FB75081B842C46004DCEB4 /* Project object */;
			proxyType = 1;
			remoteGlobalIDString = 97FB750F1B842C46004DCEB4;
			remoteInfo = CustomTabBarController;
		};
/* End PBXContainerItemProxy section */

/* Begin PBXFileReference section */
		97FB75101B842C46004DCEB4 /* CustomTabBarController.app */ = {isa = PBXFileReference; explicitFileType = wrapper.application; includeInIndex = 0; path = CustomTabBarController.app; sourceTree = BUILT_PRODUCTS_DIR; };
		97FB75141B842C46004DCEB4 /* Info.plist */ = {isa = PBXFileReference; lastKnownFileType = text.plist.xml; path = Info.plist; sourceTree = "<group>"; };
		97FB75151B842C46004DCEB4 /* main.m */ = {isa = PBXFileReference; lastKnownFileType = sourcecode.c.objc; path = main.m; sourceTree = "<group>"; };
		97FB75171B842C46004DCEB4 /* AppDelegate.h */ = {isa = PBXFileReference; lastKnownFileType = sourcecode.c.h; path = AppDelegate.h; sourceTree = "<group>"; };
		97FB75181B842C46004DCEB4 /* AppDelegate.m */ = {isa = PBXFileReference; lastKnownFileType = sourcecode.c.objc; path = AppDelegate.m; sourceTree = "<group>"; };
		97FB75201B842C46004DCEB4 /* Images.xcassets */ = {isa = PBXFileReference; lastKnownFileType = folder.assetcatalog; path = Images.xcassets; sourceTree = "<group>"; };
		97FB75231B842C46004DCEB4 /* Base */ = {isa = PBXFileReference; lastKnownFileType = file.xib; name = Base; path = Base.lproj/LaunchScreen.xib; sourceTree = "<group>"; };
		97FB75291B842C46004DCEB4 /* CustomTabBarControllerTests.xctest */ = {isa = PBXFileReference; explicitFileType = wrapper.cfbundle; includeInIndex = 0; path = CustomTabBarControllerTests.xctest; sourceTree = BUILT_PRODUCTS_DIR; };
		97FB752E1B842C46004DCEB4 /* Info.plist */ = {isa = PBXFileReference; lastKnownFileType = text.plist.xml; path = Info.plist; sourceTree = "<group>"; };
		97FB752F1B842C46004DCEB4 /* CustomTabBarControllerTests.m */ = {isa = PBXFileReference; lastKnownFileType = sourcecode.c.objc; path = CustomTabBarControllerTests.m; sourceTree = "<group>"; };
		97FB75391B842CB3004DCEB4 /* FirstViewController.h */ = {isa = PBXFileReference; fileEncoding = 4; lastKnownFileType = sourcecode.c.h; path = FirstViewController.h; sourceTree = "<group>"; };
		97FB753A1B842CB3004DCEB4 /* FirstViewController.m */ = {isa = PBXFileReference; fileEncoding = 4; lastKnownFileType = sourcecode.c.objc; path = FirstViewController.m; sourceTree = "<group>"; };
		97FB753B1B842CB3004DCEB4 /* FourViewController.h */ = {isa = PBXFileReference; fileEncoding = 4; lastKnownFileType = sourcecode.c.h; path = FourViewController.h; sourceTree = "<group>"; };
		97FB753C1B842CB3004DCEB4 /* FourViewController.m */ = {isa = PBXFileReference; fileEncoding = 4; lastKnownFileType = sourcecode.c.objc; path = FourViewController.m; sourceTree = "<group>"; };
		97FB753D1B842CB3004DCEB4 /* SecondViewController.h */ = {isa = PBXFileReference; fileEncoding = 4; lastKnownFileType = sourcecode.c.h; path = SecondViewController.h; sourceTree = "<group>"; };
		97FB753E1B842CB3004DCEB4 /* SecondViewController.m */ = {isa = PBXFileReference; fileEncoding = 4; lastKnownFileType = sourcecode.c.objc; path = SecondViewController.m; sourceTree = "<group>"; };
		97FB753F1B842CB3004DCEB4 /* ThirdViewController.h */ = {isa = PBXFileReference; fileEncoding = 4; lastKnownFileType = sourcecode.c.h; path = ThirdViewController.h; sourceTree = "<group>"; };
		97FB75401B842CB3004DCEB4 /* ThirdViewController.m */ = {isa = PBXFileReference; fileEncoding = 4; lastKnownFileType = sourcecode.c.objc; path = ThirdViewController.m; sourceTree = "<group>"; };
		97FB75451B842D47004DCEB4 /* UIViewController+TabBarItem.h */ = {isa = PBXFileReference; fileEncoding = 4; lastKnownFileType = sourcecode.c.h; path = "UIViewController+TabBarItem.h"; sourceTree = "<group>"; };
		97FB75461B842D47004DCEB4 /* UIViewController+TabBarItem.m */ = {isa = PBXFileReference; fileEncoding = 4; lastKnownFileType = sourcecode.c.objc; path = "UIViewController+TabBarItem.m"; sourceTree = "<group>"; };
		97FB754B1B8430FB004DCEB4 /* CustomTabBarViewController.h */ = {isa = PBXFileReference; fileEncoding = 4; lastKnownFileType = sourcecode.c.h; path = CustomTabBarViewController.h; sourceTree = "<group>"; };
		97FB754C1B8430FB004DCEB4 /* CustomTabBarViewController.m */ = {isa = PBXFileReference; fileEncoding = 4; lastKnownFileType = sourcecode.c.objc; path = CustomTabBarViewController.m; sourceTree = "<group>"; };
		97FB754F1B84325E004DCEB4 /* tab_0.png */ = {isa = PBXFileReference; lastKnownFileType = image.png; path = tab_0.png; sourceTree = "<group>"; };
		97FB75501B84325E004DCEB4 /* tab_0@2x.png */ = {isa = PBXFileReference; lastKnownFileType = image.png; path = "tab_0@2x.png"; sourceTree = "<group>"; };
		97FB75511B84325E004DCEB4 /* tab_1.png */ = {isa = PBXFileReference; lastKnownFileType = image.png; path = tab_1.png; sourceTree = "<group>"; };
		97FB75521B84325E004DCEB4 /* tab_1@2x.png */ = {isa = PBXFileReference; lastKnownFileType = image.png; path = "tab_1@2x.png"; sourceTree = "<group>"; };
		97FB75531B84325E004DCEB4 /* tab_2.png */ = {isa = PBXFileReference; lastKnownFileType = image.png; path = tab_2.png; sourceTree = "<group>"; };
		97FB75541B84325E004DCEB4 /* tab_2@2x.png */ = {isa = PBXFileReference; lastKnownFileType = image.png; path = "tab_2@2x.png"; sourceTree = "<group>"; };
		97FB75551B84325E004DCEB4 /* tab_3.png */ = {isa = PBXFileReference; lastKnownFileType = image.png; path = tab_3.png; sourceTree = "<group>"; };
		97FB75561B84325E004DCEB4 /* tab_3@2x.png */ = {isa = PBXFileReference; lastKnownFileType = image.png; path = "tab_3@2x.png"; sourceTree = "<group>"; };
		97FB75571B84325E004DCEB4 /* tab_bg.png */ = {isa = PBXFileReference; lastKnownFileType = image.png; path = tab_bg.png; sourceTree = "<group>"; };
		97FB75581B84325E004DCEB4 /* tab_black_bg@2x.png */ = {isa = PBXFileReference; lastKnownFileType = image.png; path = "tab_black_bg@2x.png"; sourceTree = "<group>"; };
		97FB75591B84325E004DCEB4 /* tab_c0.png */ = {isa = PBXFileReference; lastKnownFileType = image.png; path = tab_c0.png; sourceTree = "<group>"; };
		97FB755A1B84325E004DCEB4 /* tab_c0@2x.png */ = {isa = PBXFileReference; lastKnownFileType = image.png; path = "tab_c0@2x.png"; sourceTree = "<group>"; };
		97FB755B1B84325E004DCEB4 /* tab_c1.png */ = {isa = PBXFileReference; lastKnownFileType = image.png; path = tab_c1.png; sourceTree = "<group>"; };
		97FB755C1B84325E004DCEB4 /* tab_c1@2x.png */ = {isa = PBXFileReference; lastKnownFileType = image.png; path = "tab_c1@2x.png"; sourceTree = "<group>"; };
		97FB755D1B84325E004DCEB4 /* tab_c2.png */ = {isa = PBXFileReference; lastKnownFileType = image.png; path = tab_c2.png; sourceTree = "<group>"; };
		97FB755E1B84325E004DCEB4 /* tab_c2@2x.png */ = {isa = PBXFileReference; lastKnownFileType = image.png; path = "tab_c2@2x.png"; sourceTree = "<group>"; };
		97FB755F1B84325E004DCEB4 /* tab_c3.png */ = {isa = PBXFileReference; lastKnownFileType = image.png; path = tab_c3.png; sourceTree = "<group>"; };
		97FB75601B84325E004DCEB4 /* tab_c3@2x.png */ = {isa = PBXFileReference; lastKnownFileType = image.png; path = "tab_c3@2x.png"; sourceTree = "<group>"; };
		97FB75731B84581B004DCEB4 /* ClassModel.h */ = {isa = PBXFileReference; fileEncoding = 4; lastKnownFileType = sourcecode.c.h; path = ClassModel.h; sourceTree = "<group>"; };
		97FB75741B84581B004DCEB4 /* ClassModel.m */ = {isa = PBXFileReference; fileEncoding = 4; lastKnownFileType = sourcecode.c.objc; path = ClassModel.m; sourceTree = "<group>"; };
/* End PBXFileReference section */

/* Begin PBXFrameworksBuildPhase section */
		97FB750D1B842C46004DCEB4 /* Frameworks */ = {
			isa = PBXFrameworksBuildPhase;
			buildActionMask = 2147483647;
			files = (
			);
			runOnlyForDeploymentPostprocessing = 0;
		};
		97FB75261B842C46004DCEB4 /* Frameworks */ = {
			isa = PBXFrameworksBuildPhase;
			buildActionMask = 2147483647;
			files = (
			);
			runOnlyForDeploymentPostprocessing = 0;
		};
/* End PBXFrameworksBuildPhase section */

/* Begin PBXGroup section */
		97FB75071B842C46004DCEB4 = {
			isa = PBXGroup;
			children = (
				97FB75121B842C46004DCEB4 /* CustomTabBarController */,
				97FB752C1B842C46004DCEB4 /* CustomTabBarControllerTests */,
				97FB75111B842C46004DCEB4 /* Products */,
			);
			sourceTree = "<group>";
		};
		97FB75111B842C46004DCEB4 /* Products */ = {
			isa = PBXGroup;
			children = (
				97FB75101B842C46004DCEB4 /* CustomTabBarController.app */,
				97FB75291B842C46004DCEB4 /* CustomTabBarControllerTests.xctest */,
			);
			name = Products;
			sourceTree = "<group>";
		};
		97FB75121B842C46004DCEB4 /* CustomTabBarController */ = {
			isa = PBXGroup;
			children = (
				97FB75731B84581B004DCEB4 /* ClassModel.h */,
				97FB75741B84581B004DCEB4 /* ClassModel.m */,
				97FB754E1B84325E004DCEB4 /* images */,
				97FB754B1B8430FB004DCEB4 /* CustomTabBarViewController.h */,
				97FB754C1B8430FB004DCEB4 /* CustomTabBarViewController.m */,
				97FB75391B842CB3004DCEB4 /* FirstViewController.h */,
				97FB753A1B842CB3004DCEB4 /* FirstViewController.m */,
				97FB753D1B842CB3004DCEB4 /* SecondViewController.h */,
				97FB753E1B842CB3004DCEB4 /* SecondViewController.m */,
				97FB753F1B842CB3004DCEB4 /* ThirdViewController.h */,
				97FB75401B842CB3004DCEB4 /* ThirdViewController.m */,
				97FB753B1B842CB3004DCEB4 /* FourViewController.h */,
				97FB753C1B842CB3004DCEB4 /* FourViewController.m */,
				97FB75171B842C46004DCEB4 /* AppDelegate.h */,
				97FB75181B842C46004DCEB4 /* AppDelegate.m */,
				97FB75201B842C46004DCEB4 /* Images.xcassets */,
				97FB75221B842C46004DCEB4 /* LaunchScreen.xib */,
				97FB75131B842C46004DCEB4 /* Supporting Files */,
				97FB75451B842D47004DCEB4 /* UIViewController+TabBarItem.h */,
				97FB75461B842D47004DCEB4 /* UIViewController+TabBarItem.m */,
			);
			path = CustomTabBarController;
			sourceTree = "<group>";
		};
		97FB75131B842C46004DCEB4 /* Supporting Files */ = {
			isa = PBXGroup;
			children = (
				97FB75141B842C46004DCEB4 /* Info.plist */,
				97FB75151B842C46004DCEB4 /* main.m */,
			);
			name = "Supporting Files";
			sourceTree = "<group>";
		};
		97FB752C1B842C46004DCEB4 /* CustomTabBarControllerTests */ = {
			isa = PBXGroup;
			children = (
				97FB752F1B842C46004DCEB4 /* CustomTabBarControllerTests.m */,
				97FB752D1B842C46004DCEB4 /* Supporting Files */,
			);
			path = CustomTabBarControllerTests;
			sourceTree = "<group>";
		};
		97FB752D1B842C46004DCEB4 /* Supporting Files */ = {
			isa = PBXGroup;
			children = (
				97FB752E1B842C46004DCEB4 /* Info.plist */,
			);
			name = "Supporting Files";
			sourceTree = "<group>";
		};
		97FB754E1B84325E004DCEB4 /* images */ = {
			isa = PBXGroup;
			children = (
				97FB754F1B84325E004DCEB4 /* tab_0.png */,
				97FB75501B84325E004DCEB4 /* tab_0@2x.png */,
				97FB75511B84325E004DCEB4 /* tab_1.png */,
				97FB75521B84325E004DCEB4 /* tab_1@2x.png */,
				97FB75531B84325E004DCEB4 /* tab_2.png */,
				97FB75541B84325E004DCEB4 /* tab_2@2x.png */,
				97FB75551B84325E004DCEB4 /* tab_3.png */,
				97FB75561B84325E004DCEB4 /* tab_3@2x.png */,
				97FB75571B84325E004DCEB4 /* tab_bg.png */,
				97FB75581B84325E004DCEB4 /* tab_black_bg@2x.png */,
				97FB75591B84325E004DCEB4 /* tab_c0.png */,
				97FB755A1B84325E004DCEB4 /* tab_c0@2x.png */,
				97FB755B1B84325E004DCEB4 /* tab_c1.png */,
				97FB755C1B84325E004DCEB4 /* tab_c1@2x.png */,
				97FB755D1B84325E004DCEB4 /* tab_c2.png */,
				97FB755E1B84325E004DCEB4 /* tab_c2@2x.png */,
				97FB755F1B84325E004DCEB4 /* tab_c3.png */,
				97FB75601B84325E004DCEB4 /* tab_c3@2x.png */,
			);
			path = images;
			sourceTree = "<group>";
		};
/* End PBXGroup section */

/* Begin PBXNativeTarget section */
		97FB750F1B842C46004DCEB4 /* CustomTabBarController */ = {
			isa = PBXNativeTarget;
			buildConfigurationList = 97FB75331B842C46004DCEB4 /* Build configuration list for PBXNativeTarget "CustomTabBarController" */;
			buildPhases = (
				97FB750C1B842C46004DCEB4 /* Sources */,
				97FB750D1B842C46004DCEB4 /* Frameworks */,
				97FB750E1B842C46004DCEB4 /* Resources */,
			);
			buildRules = (
			);
			dependencies = (
			);
			name = CustomTabBarController;
			productName = CustomTabBarController;
			productReference = 97FB75101B842C46004DCEB4 /* CustomTabBarController.app */;
			productType = "com.apple.product-type.application";
		};
		97FB75281B842C46004DCEB4 /* CustomTabBarControllerTests */ = {
			isa = PBXNativeTarget;
			buildConfigurationList = 97FB75361B842C46004DCEB4 /* Build configuration list for PBXNativeTarget "CustomTabBarControllerTests" */;
			buildPhases = (
				97FB75251B842C46004DCEB4 /* Sources */,
				97FB75261B842C46004DCEB4 /* Frameworks */,
				97FB75271B842C46004DCEB4 /* Resources */,
			);
			buildRules = (
			);
			dependencies = (
				97FB752B1B842C46004DCEB4 /* PBXTargetDependency */,
			);
			name = CustomTabBarControllerTests;
			productName = CustomTabBarControllerTests;
			productReference = 97FB75291B842C46004DCEB4 /* CustomTabBarControllerTests.xctest */;
			productType = "com.apple.product-type.bundle.unit-test";
		};
/* End PBXNativeTarget section */

/* Begin PBXProject section */
		97FB75081B842C46004DCEB4 /* Project object */ = {
			isa = PBXProject;
			attributes = {
				LastUpgradeCheck = 0640;
				ORGANIZATIONNAME = lijinghua;
				TargetAttributes = {
					97FB750F1B842C46004DCEB4 = {
						CreatedOnToolsVersion = 6.4;
					};
					97FB75281B842C46004DCEB4 = {
						CreatedOnToolsVersion = 6.4;
						TestTargetID = 97FB750F1B842C46004DCEB4;
					};
				};
			};
			buildConfigurationList = 97FB750B1B842C46004DCEB4 /* Build configuration list for PBXProject "CustomTabBarController" */;
			compatibilityVersion = "Xcode 3.2";
			developmentRegion = English;
			hasScannedForEncodings = 0;
			knownRegions = (
				en,
				Base,
			);
			mainGroup = 97FB75071B842C46004DCEB4;
			productRefGroup = 97FB75111B842C46004DCEB4 /* Products */;
			projectDirPath = "";
			projectRoot = "";
			targets = (
				97FB750F1B842C46004DCEB4 /* CustomTabBarController */,
				97FB75281B842C46004DCEB4 /* CustomTabBarControllerTests */,
			);
		};
/* End PBXProject section */

/* Begin PBXResourcesBuildPhase section */
		97FB750E1B842C46004DCEB4 /* Resources */ = {
			isa = PBXResourcesBuildPhase;
			buildActionMask = 2147483647;
			files = (
				97FB75241B842C46004DCEB4 /* LaunchScreen.xib in Resources */,
				97FB75661B84325E004DCEB4 /* tab_2@2x.png in Resources */,
				97FB75721B84325E004DCEB4 /* tab_c3@2x.png in Resources */,
				97FB75211B842C46004DCEB4 /* Images.xcassets in Resources */,
				97FB75641B84325E004DCEB4 /* tab_1@2x.png in Resources */,
				97FB756E1B84325E004DCEB4 /* tab_c1@2x.png in Resources */,
				97FB75701B84325E004DCEB4 /* tab_c2@2x.png in Resources */,
				97FB75611B84325E004DCEB4 /* tab_0.png in Resources */,
				97FB756F1B84325E004DCEB4 /* tab_c2.png in Resources */,
				97FB756D1B84325E004DCEB4 /* tab_c1.png in Resources */,
				97FB75631B84325E004DCEB4 /* tab_1.png in Resources */,
				97FB75681B84325E004DCEB4 /* tab_3@2x.png in Resources */,
				97FB75621B84325E004DCEB4 /* tab_0@2x.png in Resources */,
				97FB75691B84325E004DCEB4 /* tab_bg.png in Resources */,
				97FB75651B84325E004DCEB4 /* tab_2.png in Resources */,
				97FB75671B84325E004DCEB4 /* tab_3.png in Resources */,
				97FB756C1B84325E004DCEB4 /* tab_c0@2x.png in Resources */,
				97FB756A1B84325E004DCEB4 /* tab_black_bg@2x.png in Resources */,
				97FB75711B84325E004DCEB4 /* tab_c3.png in Resources */,
				97FB756B1B84325E004DCEB4 /* tab_c0.png in Resources */,
			);
			runOnlyForDeploymentPostprocessing = 0;
		};
		97FB75271B842C46004DCEB4 /* Resources */ = {
			isa = PBXResourcesBuildPhase;
			buildActionMask = 2147483647;
			files = (
			);
			runOnlyForDeploymentPostprocessing = 0;
		};
/* End PBXResourcesBuildPhase section */

/* Begin PBXSourcesBuildPhase section */
		97FB750C1B842C46004DCEB4 /* Sources */ = {
			isa = PBXSourcesBuildPhase;
			buildActionMask = 2147483647;
			files = (
				97FB75431B842CB3004DCEB4 /* SecondViewController.m in Sources */,
				97FB75191B842C46004DCEB4 /* AppDelegate.m in Sources */,
				97FB75441B842CB3004DCEB4 /* ThirdViewController.m in Sources */,
				97FB75411B842CB3004DCEB4 /* FirstViewController.m in Sources */,
				97FB75421B842CB3004DCEB4 /* FourViewController.m in Sources */,
				97FB754D1B8430FB004DCEB4 /* CustomTabBarViewController.m in Sources */,
				97FB75471B842D47004DCEB4 /* UIViewController+TabBarItem.m in Sources */,
				97FB75161B842C46004DCEB4 /* main.m in Sources */,
				97FB75751B84581B004DCEB4 /* ClassModel.m in Sources */,
			);
			runOnlyForDeploymentPostprocessing = 0;
		};
		97FB75251B842C46004DCEB4 /* Sources */ = {
			isa = PBXSourcesBuildPhase;
			buildActionMask = 2147483647;
			files = (
				97FB75301B842C46004DCEB4 /* CustomTabBarControllerTests.m in Sources */,
			);
			runOnlyForDeploymentPostprocessing = 0;
		};
/* End PBXSourcesBuildPhase section */

/* Begin PBXTargetDependency section */
		97FB752B1B842C46004DCEB4 /* PBXTargetDependency */ = {
			isa = PBXTargetDependency;
			target = 97FB750F1B842C46004DCEB4 /* CustomTabBarController */;
			targetProxy = 97FB752A1B842C46004DCEB4 /* PBXContainerItemProxy */;
		};
/* End PBXTargetDependency section */

/* Begin PBXVariantGroup section */
		97FB75221B842C46004DCEB4 /* LaunchScreen.xib */ = {
			isa = PBXVariantGroup;
			children = (
				97FB75231B842C46004DCEB4 /* Base */,
			);
			name = LaunchScreen.xib;
			sourceTree = "<group>";
		};
/* End PBXVariantGroup section */

/* Begin XCBuildConfiguration section */
		97FB75311B842C46004DCEB4 /* Debug */ = {
			isa = XCBuildConfiguration;
			buildSettings = {
				ALWAYS_SEARCH_USER_PATHS = NO;
				CLANG_CXX_LANGUAGE_STANDARD = "gnu++0x";
				CLANG_CXX_LIBRARY = "libc++";
				CLANG_ENABLE_MODULES = YES;
				CLANG_ENABLE_OBJC_ARC = YES;
				CLANG_WARN_BOOL_CONVERSION = YES;
				CLANG_WARN_CONSTANT_CONVERSION = YES;
				CLANG_WARN_DIRECT_OBJC_ISA_USAGE = YES_ERROR;
				CLANG_WARN_EMPTY_BODY = YES;
				CLANG_WARN_ENUM_CONVERSION = YES;
				CLANG_WARN_INT_CONVERSION = YES;
				CLANG_WARN_OBJC_ROOT_CLASS = YES_ERROR;
				CLANG_WARN_UNREACHABLE_CODE = YES;
				CLANG_WARN__DUPLICATE_METHOD_MATCH = YES;
				"CODE_SIGN_IDENTITY[sdk=iphoneos*]" = "iPhone Developer";
				COPY_PHASE_STRIP = NO;
				DEBUG_INFORMATION_FORMAT = "dwarf-with-dsym";
				ENABLE_STRICT_OBJC_MSGSEND = YES;
				GCC_C_LANGUAGE_STANDARD = gnu99;
				GCC_DYNAMIC_NO_PIC = NO;
				GCC_NO_COMMON_BLOCKS = YES;
				GCC_OPTIMIZATION_LEVEL = 0;
				GCC_PREPROCESSOR_DEFINITIONS = (
					"DEBUG=1",
					"$(inherited)",
				);
				GCC_SYMBOLS_PRIVATE_EXTERN = NO;
				GCC_WARN_64_TO_32_BIT_CONVERSION = YES;
				GCC_WARN_ABOUT_RETURN_TYPE = YES_ERROR;
				GCC_WARN_UNDECLARED_SELECTOR = YES;
				GCC_WARN_UNINITIALIZED_AUTOS = YES_AGGRESSIVE;
				GCC_WARN_UNUSED_FUNCTION = YES;
				GCC_WARN_UNUSED_VARIABLE = YES;
				IPHONEOS_DEPLOYMENT_TARGET = 8.4;
				MTL_ENABLE_DEBUG_INFO = YES;
				ONLY_ACTIVE_ARCH = YES;
				SDKROOT = iphoneos;
			};
			name = Debug;
		};
		97FB75321B842C46004DCEB4 /* Release */ = {
			isa = XCBuildConfiguration;
			buildSettings = {
				ALWAYS_SEARCH_USER_PATHS = NO;
				CLANG_CXX_LANGUAGE_STANDARD = "gnu++0x";
				CLANG_CXX_LIBRARY = "libc++";
				CLANG_ENABLE_MODULES = YES;
				CLANG_ENABLE_OBJC_ARC = YES;
				CLANG_WARN_BOOL_CONVERSION = YES;
				CLANG_WARN_CONSTANT_CONVERSION = YES;
				CLANG_WARN_DIRECT_OBJC_ISA_USAGE = YES_ERROR;
				CLANG_WARN_EMPTY_BODY = YES;
				CLANG_WARN_ENUM_CONVERSION = YES;
				CLANG_WARN_INT_CONVERSION = YES;
				CLANG_WARN_OBJC_ROOT_CLASS = YES_ERROR;
				CLANG_WARN_UNREACHABLE_CODE = YES;
				CLANG_WARN__DUPLICATE_METHOD_MATCH = YES;
				"CODE_SIGN_IDENTITY[sdk=iphoneos*]" = "iPhone Developer";
				COPY_PHASE_STRIP = NO;
				DEBUG_INFORMATION_FORMAT = "dwarf-with-dsym";
				ENABLE_NS_ASSERTIONS = NO;
				ENABLE_STRICT_OBJC_MSGSEND = YES;
				GCC_C_LANGUAGE_STANDARD = gnu99;
				GCC_NO_COMMON_BLOCKS = YES;
				GCC_WARN_64_TO_32_BIT_CONVERSION = YES;
				GCC_WARN_ABOUT_RETURN_TYPE = YES_ERROR;
				GCC_WARN_UNDECLARED_SELECTOR = YES;
				GCC_WARN_UNINITIALIZED_AUTOS = YES_AGGRESSIVE;
				GCC_WARN_UNUSED_FUNCTION = YES;
				GCC_WARN_UNUSED_VARIABLE = YES;
				IPHONEOS_DEPLOYMENT_TARGET = 8.4;
				MTL_ENABLE_DEBUG_INFO = NO;
				SDKROOT = iphoneos;
				VALIDATE_PRODUCT = YES;
			};
			name = Release;
		};
		97FB75341B842C46004DCEB4 /* Debug */ = {
			isa = XCBuildConfiguration;
			buildSettings = {
				ASSETCATALOG_COMPILER_APPICON_NAME = AppIcon;
				INFOPLIST_FILE = CustomTabBarController/Info.plist;
				LD_RUNPATH_SEARCH_PATHS = "$(inherited) @executable_path/Frameworks";
				PRODUCT_NAME = "$(TARGET_NAME)";
			};
			name = Debug;
		};
		97FB75351B842C46004DCEB4 /* Release */ = {
			isa = XCBuildConfiguration;
			buildSettings = {
				ASSETCATALOG_COMPILER_APPICON_NAME = AppIcon;
				INFOPLIST_FILE = CustomTabBarController/Info.plist;
				LD_RUNPATH_SEARCH_PATHS = "$(inherited) @executable_path/Frameworks";
				PRODUCT_NAME = "$(TARGET_NAME)";
			};
			name = Release;
		};
		97FB75371B842C46004DCEB4 /* Debug */ = {
			isa = XCBuildConfiguration;
			buildSettings = {
				BUNDLE_LOADER = "$(TEST_HOST)";
				FRAMEWORK_SEARCH_PATHS = (
					"$(SDKROOT)/Developer/Library/Frameworks",
					"$(inherited)",
				);
				GCC_PREPROCESSOR_DEFINITIONS = (
					"DEBUG=1",
					"$(inherited)",
				);
				INFOPLIST_FILE = CustomTabBarControllerTests/Info.plist;
				LD_RUNPATH_SEARCH_PATHS = "$(inherited) @executable_path/Frameworks @loader_path/Frameworks";
				PRODUCT_NAME = "$(TARGET_NAME)";
				TEST_HOST = "$(BUILT_PRODUCTS_DIR)/CustomTabBarController.app/CustomTabBarController";
			};
			name = Debug;
		};
		97FB75381B842C46004DCEB4 /* Release */ = {
			isa = XCBuildConfiguration;
			buildSettings = {
				BUNDLE_LOADER = "$(TEST_HOST)";
				FRAMEWORK_SEARCH_PATHS = (
					"$(SDKROOT)/Developer/Library/Frameworks",
					"$(inherited)",
				);
				INFOPLIST_FILE = CustomTabBarControllerTests/Info.plist;
				LD_RUNPATH_SEARCH_PATHS = "$(inherited) @executable_path/Frameworks @loader_path/Frameworks";
				PRODUCT_NAME = "$(TARGET_NAME)";
				TEST_HOST = "$(BUILT_PRODUCTS_DIR)/CustomTabBarController.app/CustomTabBarController";
			};
			name = Release;
		};
/* End XCBuildConfiguration section */

/* Begin XCConfigurationList section */
		97FB750B1B842C46004DCEB4 /* Build configuration list for PBXProject "CustomTabBarController" */ = {
			isa = XCConfigurationList;
			buildConfigurations = (
				97FB75311B842C46004DCEB4 /* Debug */,
				97FB75321B842C46004DCEB4 /* Release */,
			);
			defaultConfigurationIsVisible = 0;
			defaultConfigurationName = Release;
		};
		97FB75331B842C46004DCEB4 /* Build configuration list for PBXNativeTarget "CustomTabBarController" */ = {
			isa = XCConfigurationList;
			buildConfigurations = (
				97FB75341B842C46004DCEB4 /* Debug */,
				97FB75351B842C46004DCEB4 /* Release */,
			);
			defaultConfigurationIsVisible = 0;
			defaultConfigurationName = Release;
		};
		97FB75361B842C46004DCEB4 /* Build configuration list for PBXNativeTarget "CustomTabBarControllerTests" */ = {
			isa = XCConfigurationList;
			buildConfigurations = (
				97FB75371B842C46004DCEB4 /* Debug */,
				97FB75381B842C46004DCEB4 /* Release */,
			);
			defaultConfigurationIsVisible = 0;
			defaultConfigurationName = Release;
		};
/* End XCConfigurationList section */
	};
	rootObject = 97FB75081B842C46004DCEB4 /* Project object */;
}
